
Microsoft Visual Studio Solution File, Format Version 12.00
# Visual Studio Version 17
VisualStudioVersion = 17.8.34525.116
MinimumVisualStudioVersion = 10.0.40219.1
Project("{9A19103F-16F7-4668-BE54-9A1E7A4F7556}") = "SiliconMVC", "SiliconMVC\SiliconMVC.csproj", "{FAF71998-512F-485E-AF3B-86F9E56C5948}"
EndProject
Project("{9A19103F-16F7-4668-BE54-9A1E7A4F7556}") = "Infrastructure", "Infrastructure\Infrastructure.csproj", "{5B958464-4A3E-4FE2-A887-D8B38878AB87}"
EndProject
Project("{FAE04EC0-301F-11D3-BF4B-00C04F79EFBC}") = "Business", "Business\Business.csproj", "{EAE1196C-D96D-4FE5-A900-EDC2A224B28B}"
EndProject
Project("{FAE04EC0-301F-11D3-BF4B-00C04F79EFBC}") = "Helper", "Helper\Helper.csproj", "{C6B74C22-B503-4DCC-9B1B-793C631959B8}"
EndProject
Global
	GlobalSection(SolutionConfigurationPlatforms) = preSolution
		Debug|Any CPU = Debug|Any CPU
		Release|Any CPU = Release|Any CPU
	EndGlobalSection
	GlobalSection(ProjectConfigurationPlatforms) = postSolution
		{FAF71998-512F-485E-AF3B-86F9E56C5948}.Debug|Any CPU.ActiveCfg = Debug|Any CPU
		{FAF71998-512F-485E-AF3B-86F9E56C5948}.Debug|Any CPU.Build.0 = Debug|Any CPU
		{FAF71998-512F-485E-AF3B-86F9E56C5948}.Release|Any CPU.ActiveCfg = Release|Any CPU
		{FAF71998-512F-485E-AF3B-86F9E56C5948}.Release|Any CPU.Build.0 = Release|Any CPU
		{5B958464-4A3E-4FE2-A887-D8B38878AB87}.Debug|Any CPU.ActiveCfg = Debug|Any CPU
		{5B958464-4A3E-4FE2-A887-D8B38878AB87}.Debug|Any CPU.Build.0 = Debug|Any CPU
		{5B958464-4A3E-4FE2-A887-D8B38878AB87}.Release|Any CPU.ActiveCfg = Release|Any CPU
		{5B958464-4A3E-4FE2-A887-D8B38878AB87}.Release|Any CPU.Build.0 = Release|Any CPU
		{EAE1196C-D96D-4FE5-A900-EDC2A224B28B}.Debug|Any CPU.ActiveCfg = Debug|Any CPU
		{EAE1196C-D96D-4FE5-A900-EDC2A224B28B}.Debug|Any CPU.Build.0 = Debug|Any CPU
		{EAE1196C-D96D-4FE5-A900-EDC2A224B28B}.Release|Any CPU.ActiveCfg = Release|Any CPU
		{EAE1196C-D96D-4FE5-A900-EDC2A224B28B}.Release|Any CPU.Build.0 = Release|Any CPU
		{C6B74C22-B503-4DCC-9B1B-793C631959B8}.Debug|Any CPU.ActiveCfg = Debug|Any CPU
		{C6B74C22-B503-4DCC-9B1B-793C631959B8}.Debug|Any CPU.Build.0 = Debug|Any CPU
		{C6B74C22-B503-4DCC-9B1B-793C631959B8}.Release|Any CPU.ActiveCfg = Release|Any CPU
		{C6B74C22-B503-4DCC-9B1B-793C631959B8}.Release|Any CPU.Build.0 = Release|Any CPU
	EndGlobalSection
	GlobalSection(SolutionProperties) = preSolution
		HideSolutionNode = FALSE
	EndGlobalSection
	GlobalSection(ExtensibilityGlobals) = postSolution
		SolutionGuid = {18451945-4EC9-4625-9F96-961B507DCC67}
	EndGlobalSection
EndGlobal
